// !$*UTF8*$!
{
	archiveVersion = 1;
	classes = {
	};
	objectVersion = 46;
	objects = {

/* Begin PBXBuildFile section */
		C9F69E5A1B3D1E350064E2D4 /* main.m in Sources */ = {isa = PBXBuildFile; fileRef = C9F69E591B3D1E350064E2D4 /* main.m */; };
		C9F69E5D1B3D1E350064E2D4 /* AppDelegate.m in Sources */ = {isa = PBXBuildFile; fileRef = C9F69E5C1B3D1E350064E2D4 /* AppDelegate.m */; };
		C9F69E601B3D1E350064E2D4 /* ViewController.m in Sources */ = {isa = PBXBuildFile; fileRef = C9F69E5F1B3D1E350064E2D4 /* ViewController.m */; };
		C9F69E631B3D1E350064E2D4 /* Main.storyboard in Resources */ = {isa = PBXBuildFile; fileRef = C9F69E611B3D1E350064E2D4 /* Main.storyboard */; };
		C9F69E651B3D1E350064E2D4 /* Assets.xcassets in Resources */ = {isa = PBXBuildFile; fileRef = C9F69E641B3D1E350064E2D4 /* Assets.xcassets */; };
		C9F69E681B3D1E350064E2D4 /* LaunchScreen.storyboard in Resources */ = {isa = PBXBuildFile; fileRef = C9F69E661B3D1E350064E2D4 /* LaunchScreen.storyboard */; };
		C9F69E731B3D1E350064E2D4 /* blockAdsTests.m in Sources */ = {isa = PBXBuildFile; fileRef = C9F69E721B3D1E350064E2D4 /* blockAdsTests.m */; };
		C9F69E7E1B3D1E350064E2D4 /* blockAdsUITests.m in Sources */ = {isa = PBXBuildFile; fileRef = C9F69E7D1B3D1E350064E2D4 /* blockAdsUITests.m */; };
/* End PBXBuildFile section */

/* Begin PBXContainerItemProxy section */
		C9F69E6F1B3D1E350064E2D4 /* PBXContainerItemProxy */ = {
			isa = PBXContainerItemProxy;
			containerPortal = C9F69E4D1B3D1E350064E2D4 /* Project object */;
			proxyType = 1;
			remoteGlobalIDString = C9F69E541B3D1E350064E2D4;
			remoteInfo = blockAds;
		};
		C9F69E7A1B3D1E350064E2D4 /* PBXContainerItemProxy */ = {
			isa = PBXContainerItemProxy;
			containerPortal = C9F69E4D1B3D1E350064E2D4 /* Project object */;
			proxyType = 1;
			remoteGlobalIDString = C9F69E541B3D1E350064E2D4;
			remoteInfo = blockAds;
		};
/* End PBXContainerItemProxy section */

/* Begin PBXFileReference section */
		C9F69E551B3D1E350064E2D4 /* blockAds.app */ = {isa = PBXFileReference; explicitFileType = wrapper.application; includeInIndex = 0; path = blockAds.app; sourceTree = BUILT_PRODUCTS_DIR; };
		C9F69E591B3D1E350064E2D4 /* main.m */ = {isa = PBXFileReference; lastKnownFileType = sourcecode.c.objc; path = main.m; sourceTree = "<group>"; };
		C9F69E5B1B3D1E350064E2D4 /* AppDelegate.h */ = {isa = PBXFileReference; lastKnownFileType = sourcecode.c.h; path = AppDelegate.h; sourceTree = "<group>"; };
		C9F69E5C1B3D1E350064E2D4 /* AppDelegate.m */ = {isa = PBXFileReference; lastKnownFileType = sourcecode.c.objc; path = AppDelegate.m; sourceTree = "<group>"; };
		C9F69E5E1B3D1E350064E2D4 /* ViewController.h */ = {isa = PBXFileReference; lastKnownFileType = sourcecode.c.h; path = ViewController.h; sourceTree = "<group>"; };
		C9F69E5F1B3D1E350064E2D4 /* ViewController.m */ = {isa = PBXFileReference; lastKnownFileType = sourcecode.c.objc; path = ViewController.m; sourceTree = "<group>"; };
		C9F69E621B3D1E350064E2D4 /* Base */ = {isa = PBXFileReference; lastKnownFileType = file.storyboard; name = Base; path = Base.lproj/Main.storyboard; sourceTree = "<group>"; };
		C9F69E641B3D1E350064E2D4 /* Assets.xcassets */ = {isa = PBXFileReference; lastKnownFileType = folder.assetcatalog; path = Assets.xcassets; sourceTree = "<group>"; };
		C9F69E671B3D1E350064E2D4 /* Base */ = {isa = PBXFileReference; lastKnownFileType = file.storyboard; name = Base; path = Base.lproj/LaunchScreen.storyboard; sourceTree = "<group>"; };
		C9F69E691B3D1E350064E2D4 /* Info.plist */ = {isa = PBXFileReference; lastKnownFileType = text.plist.xml; path = Info.plist; sourceTree = "<group>"; };
		C9F69E6E1B3D1E350064E2D4 /* blockAdsTests.xctest */ = {isa = PBXFileReference; explicitFileType = wrapper.cfbundle; includeInIndex = 0; path = blockAdsTests.xctest; sourceTree = BUILT_PRODUCTS_DIR; };
		C9F69E721B3D1E350064E2D4 /* blockAdsTests.m */ = {isa = PBXFileReference; lastKnownFileType = sourcecode.c.objc; path = blockAdsTests.m; sourceTree = "<group>"; };
		C9F69E741B3D1E350064E2D4 /* Info.plist */ = {isa = PBXFileReference; lastKnownFileType = text.plist.xml; path = Info.plist; sourceTree = "<group>"; };
		C9F69E791B3D1E350064E2D4 /* blockAdsUITests.xctest */ = {isa = PBXFileReference; explicitFileType = wrapper.cfbundle; includeInIndex = 0; path = blockAdsUITests.xctest; sourceTree = BUILT_PRODUCTS_DIR; };
		C9F69E7D1B3D1E350064E2D4 /* blockAdsUITests.m */ = {isa = PBXFileReference; lastKnownFileType = sourcecode.c.objc; path = blockAdsUITests.m; sourceTree = "<group>"; };
		C9F69E7F1B3D1E350064E2D4 /* Info.plist */ = {isa = PBXFileReference; lastKnownFileType = text.plist.xml; path = Info.plist; sourceTree = "<group>"; };
/* End PBXFileReference section */

/* Begin PBXFrameworksBuildPhase section */
		C9F69E521B3D1E350064E2D4 /* Frameworks */ = {
			isa = PBXFrameworksBuildPhase;
			buildActionMask = 2147483647;
			files = (
			);
			runOnlyForDeploymentPostprocessing = 0;
		};
		C9F69E6B1B3D1E350064E2D4 /* Frameworks */ = {
			isa = PBXFrameworksBuildPhase;
			buildActionMask = 2147483647;
			files = (
			);
			runOnlyForDeploymentPostprocessing = 0;
		};
		C9F69E761B3D1E350064E2D4 /* Frameworks */ = {
			isa = PBXFrameworksBuildPhase;
			buildActionMask = 2147483647;
			files = (
			);
			runOnlyForDeploymentPostprocessing = 0;
		};
/* End PBXFrameworksBuildPhase section */

/* Begin PBXGroup section */
		C9F69E4C1B3D1E350064E2D4 = {
			isa = PBXGroup;
			children = (
				C9F69E571B3D1E350064E2D4 /* blockAds */,
				C9F69E711B3D1E350064E2D4 /* blockAdsTests */,
				C9F69E7C1B3D1E350064E2D4 /* blockAdsUITests */,
				C9F69E561B3D1E350064E2D4 /* Products */,
			);
			sourceTree = "<group>";
		};
		C9F69E561B3D1E350064E2D4 /* Products */ = {
			isa = PBXGroup;
			children = (
				C9F69E551B3D1E350064E2D4 /* blockAds.app */,
				C9F69E6E1B3D1E350064E2D4 /* blockAdsTests.xctest */,
				C9F69E791B3D1E350064E2D4 /* blockAdsUITests.xctest */,
			);
			name = Products;
			sourceTree = "<group>";
		};
		C9F69E571B3D1E350064E2D4 /* blockAds */ = {
			isa = PBXGroup;
			children = (
				C9F69E5B1B3D1E350064E2D4 /* AppDelegate.h */,
				C9F69E5C1B3D1E350064E2D4 /* AppDelegate.m */,
				C9F69E5E1B3D1E350064E2D4 /* ViewController.h */,
				C9F69E5F1B3D1E350064E2D4 /* ViewController.m */,
				C9F69E611B3D1E350064E2D4 /* Main.storyboard */,
				C9F69E641B3D1E350064E2D4 /* Assets.xcassets */,
				C9F69E661B3D1E350064E2D4 /* LaunchScreen.storyboard */,
				C9F69E691B3D1E350064E2D4 /* Info.plist */,
				C9F69E581B3D1E350064E2D4 /* Supporting Files */,
			);
			path = blockAds;
			sourceTree = "<group>";
		};
		C9F69E581B3D1E350064E2D4 /* Supporting Files */ = {
			isa = PBXGroup;
			children = (
				C9F69E591B3D1E350064E2D4 /* main.m */,
			);
			name = "Supporting Files";
			sourceTree = "<group>";
		};
		C9F69E711B3D1E350064E2D4 /* blockAdsTests */ = {
			isa = PBXGroup;
			children = (
				C9F69E721B3D1E350064E2D4 /* blockAdsTests.m */,
				C9F69E741B3D1E350064E2D4 /* Info.plist */,
			);
			path = blockAdsTests;
			sourceTree = "<group>";
		};
		C9F69E7C1B3D1E350064E2D4 /* blockAdsUITests */ = {
			isa = PBXGroup;
			children = (
				C9F69E7D1B3D1E350064E2D4 /* blockAdsUITests.m */,
				C9F69E7F1B3D1E350064E2D4 /* Info.plist */,
			);
			path = blockAdsUITests;
			sourceTree = "<group>";
		};
/* End PBXGroup section */

/* Begin PBXNativeTarget section */
		C9F69E541B3D1E350064E2D4 /* blockAds */ = {
			isa = PBXNativeTarget;
			buildConfigurationList = C9F69E821B3D1E350064E2D4 /* Build configuration list for PBXNativeTarget "blockAds" */;
			buildPhases = (
				C9F69E511B3D1E350064E2D4 /* Sources */,
				C9F69E521B3D1E350064E2D4 /* Frameworks */,
				C9F69E531B3D1E350064E2D4 /* Resources */,
			);
			buildRules = (
			);
			dependencies = (
			);
			name = blockAds;
			productName = blockAds;
			productReference = C9F69E551B3D1E350064E2D4 /* blockAds.app */;
			productType = "com.apple.product-type.application";
		};
		C9F69E6D1B3D1E350064E2D4 /* blockAdsTests */ = {
			isa = PBXNativeTarget;
			buildConfigurationList = C9F69E851B3D1E350064E2D4 /* Build configuration list for PBXNativeTarget "blockAdsTests" */;
			buildPhases = (
				C9F69E6A1B3D1E350064E2D4 /* Sources */,
				C9F69E6B1B3D1E350064E2D4 /* Frameworks */,
				C9F69E6C1B3D1E350064E2D4 /* Resources */,
			);
			buildRules = (
			);
			dependencies = (
				C9F69E701B3D1E350064E2D4 /* PBXTargetDependency */,
			);
			name = blockAdsTests;
			productName = blockAdsTests;
			productReference = C9F69E6E1B3D1E350064E2D4 /* blockAdsTests.xctest */;
			productType = "com.apple.product-type.bundle.unit-test";
		};
		C9F69E781B3D1E350064E2D4 /* blockAdsUITests */ = {
			isa = PBXNativeTarget;
			buildConfigurationList = C9F69E881B3D1E350064E2D4 /* Build configuration list for PBXNativeTarget "blockAdsUITests" */;
			buildPhases = (
				C9F69E751B3D1E350064E2D4 /* Sources */,
				C9F69E761B3D1E350064E2D4 /* Frameworks */,
				C9F69E771B3D1E350064E2D4 /* Resources */,
			);
			buildRules = (
			);
			dependencies = (
				C9F69E7B1B3D1E350064E2D4 /* PBXTargetDependency */,
			);
			name = blockAdsUITests;
			productName = blockAdsUITests;
			productReference = C9F69E791B3D1E350064E2D4 /* blockAdsUITests.xctest */;
			productType = "com.apple.product-type.bundle.ui-testing";
		};
/* End PBXNativeTarget section */

/* Begin PBXProject section */
		C9F69E4D1B3D1E350064E2D4 /* Project object */ = {
			isa = PBXProject;
			attributes = {
				LastUpgradeCheck = 0700;
				ORGANIZATIONNAME = "Paul Darcey";
				TargetAttributes = {
					C9F69E541B3D1E350064E2D4 = {
						CreatedOnToolsVersion = 7.0;
					};
					C9F69E6D1B3D1E350064E2D4 = {
						CreatedOnToolsVersion = 7.0;
						TestTargetID = C9F69E541B3D1E350064E2D4;
					};
					C9F69E781B3D1E350064E2D4 = {
						CreatedOnToolsVersion = 7.0;
						TestTargetID = C9F69E541B3D1E350064E2D4;
					};
				};
			};
			buildConfigurationList = C9F69E501B3D1E350064E2D4 /* Build configuration list for PBXProject "blockAds" */;
			compatibilityVersion = "Xcode 3.2";
			developmentRegion = English;
			hasScannedForEncodings = 0;
			knownRegions = (
				en,
				Base,
			);
			mainGroup = C9F69E4C1B3D1E350064E2D4;
			productRefGroup = C9F69E561B3D1E350064E2D4 /* Products */;
			projectDirPath = "";
			projectRoot = "";
			targets = (
				C9F69E541B3D1E350064E2D4 /* blockAds */,
				C9F69E6D1B3D1E350064E2D4 /* blockAdsTests */,
				C9F69E781B3D1E350064E2D4 /* blockAdsUITests */,
			);
		};
/* End PBXProject section */

/* Begin PBXResourcesBuildPhase section */
		C9F69E531B3D1E350064E2D4 /* Resources */ = {
			isa = PBXResourcesBuildPhase;
			buildActionMask = 2147483647;
			files = (
				C9F69E681B3D1E350064E2D4 /* LaunchScreen.storyboard in Resources */,
				C9F69E651B3D1E350064E2D4 /* Assets.xcassets in Resources */,
				C9F69E631B3D1E350064E2D4 /* Main.storyboard in Resources */,
			);
			runOnlyForDeploymentPostprocessing = 0;
		};
		C9F69E6C1B3D1E350064E2D4 /* Resources */ = {
			isa = PBXResourcesBuildPhase;
			buildActionMask = 2147483647;
			files = (
			);
			runOnlyForDeploymentPostprocessing = 0;
		};
		C9F69E771B3D1E350064E2D4 /* Resources */ = {
			isa = PBXResourcesBuildPhase;
			buildActionMask = 2147483647;
			files = (
			);
			runOnlyForDeploymentPostprocessing = 0;
		};
/* End PBXResourcesBuildPhase section */

/* Begin PBXSourcesBuildPhase section */
		C9F69E511B3D1E350064E2D4 /* Sources */ = {
			isa = PBXSourcesBuildPhase;
			buildActionMask = 2147483647;
			files = (
				C9F69E601B3D1E350064E2D4 /* ViewController.m in Sources */,
				C9F69E5D1B3D1E350064E2D4 /* AppDelegate.m in Sources */,
				C9F69E5A1B3D1E350064E2D4 /* main.m in Sources */,
			);
			runOnlyForDeploymentPostprocessing = 0;
		};
		C9F69E6A1B3D1E350064E2D4 /* Sources */ = {
			isa = PBXSourcesBuildPhase;
			buildActionMask = 2147483647;
			files = (
				C9F69E731B3D1E350064E2D4 /* blockAdsTests.m in Sources */,
			);
			runOnlyForDeploymentPostprocessing = 0;
		};
		C9F69E751B3D1E350064E2D4 /* Sources */ = {
			isa = PBXSourcesBuildPhase;
			buildActionMask = 2147483647;
			files = (
				C9F69E7E1B3D1E350064E2D4 /* blockAdsUITests.m in Sources */,
			);
			runOnlyForDeploymentPostprocessing = 0;
		};
/* End PBXSourcesBuildPhase section */

/* Begin PBXTargetDependency section */
		C9F69E701B3D1E350064E2D4 /* PBXTargetDependency */ = {
			isa = PBXTargetDependency;
			target = C9F69E541B3D1E350064E2D4 /* blockAds */;
			targetProxy = C9F69E6F1B3D1E350064E2D4 /* PBXContainerItemProxy */;
		};
		C9F69E7B1B3D1E350064E2D4 /* PBXTargetDependency */ = {
			isa = PBXTargetDependency;
			target = C9F69E541B3D1E350064E2D4 /* blockAds */;
			targetProxy = C9F69E7A1B3D1E350064E2D4 /* PBXContainerItemProxy */;
		};
/* End PBXTargetDependency section */

/* Begin PBXVariantGroup section */
		C9F69E611B3D1E350064E2D4 /* Main.storyboard */ = {
			isa = PBXVariantGroup;
			children = (
				C9F69E621B3D1E350064E2D4 /* Base */,
			);
			name = Main.storyboard;
			sourceTree = "<group>";
		};
		C9F69E661B3D1E350064E2D4 /* LaunchScreen.storyboard */ = {
			isa = PBXVariantGroup;
			children = (
				C9F69E671B3D1E350064E2D4 /* Base */,
			);
			name = LaunchScreen.storyboard;
			sourceTree = "<group>";
		};
/* End PBXVariantGroup section */

/* Begin XCBuildConfiguration section */
		C9F69E801B3D1E350064E2D4 /* Debug */ = {
			isa = XCBuildConfiguration;
			buildSettings = {
				ALWAYS_SEARCH_USER_PATHS = NO;
				CLANG_CXX_LANGUAGE_STANDARD = "gnu++0x";
				CLANG_CXX_LIBRARY = "libc++";
				CLANG_ENABLE_MODULES = YES;
				CLANG_ENABLE_OBJC_ARC = YES;
				CLANG_WARN_BOOL_CONVERSION = YES;
				CLANG_WARN_CONSTANT_CONVERSION = YES;
				CLANG_WARN_DIRECT_OBJC_ISA_USAGE = YES_ERROR;
				CLANG_WARN_EMPTY_BODY = YES;
				CLANG_WARN_ENUM_CONVERSION = YES;
				CLANG_WARN_INT_CONVERSION = YES;
				CLANG_WARN_OBJC_ROOT_CLASS = YES_ERROR;
				CLANG_WARN_UNREACHABLE_CODE = YES;
				CLANG_WARN__DUPLICATE_METHOD_MATCH = YES;
				"CODE_SIGN_IDENTITY[sdk=iphoneos*]" = "iPhone Developer";
				COPY_PHASE_STRIP = NO;
				DEBUG_INFORMATION_FORMAT = dwarf;
				ENABLE_STRICT_OBJC_MSGSEND = YES;
				ENABLE_TESTABILITY = YES;
				GCC_C_LANGUAGE_STANDARD = gnu99;
				GCC_DYNAMIC_NO_PIC = NO;
				GCC_NO_COMMON_BLOCKS = YES;
				GCC_OPTIMIZATION_LEVEL = 0;
				GCC_PREPROCESSOR_DEFINITIONS = (
					"DEBUG=1",
					"$(inherited)",
				);
				GCC_WARN_64_TO_32_BIT_CONVERSION = YES;
				GCC_WARN_ABOUT_RETURN_TYPE = YES_ERROR;
				GCC_WARN_UNDECLARED_SELECTOR = YES;
				GCC_WARN_UNINITIALIZED_AUTOS = YES_AGGRESSIVE;
				GCC_WARN_UNUSED_FUNCTION = YES;
				GCC_WARN_UNUSED_VARIABLE = YES;
				IPHONEOS_DEPLOYMENT_TARGET = 9.0;
				MTL_ENABLE_DEBUG_INFO = YES;
				ONLY_ACTIVE_ARCH = YES;
				SDKROOT = iphoneos;
				TARGETED_DEVICE_FAMILY = "1,2";
			};
			name = Debug;
		};
		C9F69E811B3D1E350064E2D4 /* Release */ = {
			isa = XCBuildConfiguration;
			buildSettings = {
				ALWAYS_SEARCH_USER_PATHS = NO;
				CLANG_CXX_LANGUAGE_STANDARD = "gnu++0x";
				CLANG_CXX_LIBRARY = "libc++";
				CLANG_ENABLE_MODULES = YES;
				CLANG_ENABLE_OBJC_ARC = YES;
				CLANG_WARN_BOOL_CONVERSION = YES;
				CLANG_WARN_CONSTANT_CONVERSION = YES;
				CLANG_WARN_DIRECT_OBJC_ISA_USAGE = YES_ERROR;
				CLANG_WARN_EMPTY_BODY = YES;
				CLANG_WARN_ENUM_CONVERSION = YES;
				CLANG_WARN_INT_CONVERSION = YES;
				CLANG_WARN_OBJC_ROOT_CLASS = YES_ERROR;
				CLANG_WARN_UNREACHABLE_CODE = YES;
				CLANG_WARN__DUPLICATE_METHOD_MATCH = YES;
				"CODE_SIGN_IDENTITY[sdk=iphoneos*]" = "iPhone Developer";
				COPY_PHASE_STRIP = NO;
				DEBUG_INFORMATION_FORMAT = "dwarf-with-dsym";
				ENABLE_NS_ASSERTIONS = NO;
				ENABLE_STRICT_OBJC_MSGSEND = YES;
				GCC_C_LANGUAGE_STANDARD = gnu99;
				GCC_NO_COMMON_BLOCKS = YES;
				GCC_WARN_64_TO_32_BIT_CONVERSION = YES;
				GCC_WARN_ABOUT_RETURN_TYPE = YES_ERROR;
				GCC_WARN_UNDECLARED_SELECTOR = YES;
				GCC_WARN_UNINITIALIZED_AUTOS = YES_AGGRESSIVE;
				GCC_WARN_UNUSED_FUNCTION = YES;
				GCC_WARN_UNUSED_VARIABLE = YES;
				IPHONEOS_DEPLOYMENT_TARGET = 9.0;
				MTL_ENABLE_DEBUG_INFO = NO;
				SDKROOT = iphoneos;
				TARGETED_DEVICE_FAMILY = "1,2";
				VALIDATE_PRODUCT = YES;
			};
			name = Release;
		};
		C9F69E831B3D1E350064E2D4 /* Debug */ = {
			isa = XCBuildConfiguration;
			buildSettings = {
				ASSETCATALOG_COMPILER_APPICON_NAME = AppIcon;
				INFOPLIST_FILE = blockAds/Info.plist;
				LD_RUNPATH_SEARCH_PATHS = "$(inherited) @executable_path/Frameworks";
				PRODUCT_BUNDLE_IDENTIFIER = com.pdarcey.blockAds;
				PRODUCT_NAME = "$(TARGET_NAME)";
			};
			name = Debug;
		};
		C9F69E841B3D1E350064E2D4 /* Release */ = {
			isa = XCBuildConfiguration;
			buildSettings = {
				ASSETCATALOG_COMPILER_APPICON_NAME = AppIcon;
				INFOPLIST_FILE = blockAds/Info.plist;
				LD_RUNPATH_SEARCH_PATHS = "$(inherited) @executable_path/Frameworks";
				PRODUCT_BUNDLE_IDENTIFIER = com.pdarcey.blockAds;
				PRODUCT_NAME = "$(TARGET_NAME)";
			};
			name = Release;
		};
		C9F69E861B3D1E350064E2D4 /* Debug */ = {
			isa = XCBuildConfiguration;
			buildSettings = {
				BUNDLE_LOADER = "$(TEST_HOST)";
				INFOPLIST_FILE = blockAdsTests/Info.plist;
				LD_RUNPATH_SEARCH_PATHS = "$(inherited) @executable_path/Frameworks @loader_path/Frameworks";
				PRODUCT_BUNDLE_IDENTIFIER = com.pdarcey.blockAdsTests;
				PRODUCT_NAME = "$(TARGET_NAME)";
				TEST_HOST = "$(BUILT_PRODUCTS_DIR)/blockAds.app/blockAds";
			};
			name = Debug;
		};
		C9F69E871B3D1E350064E2D4 /* Release */ = {
			isa = XCBuildConfiguration;
			buildSettings = {
				BUNDLE_LOADER = "$(TEST_HOST)";
				INFOPLIST_FILE = blockAdsTests/Info.plist;
				LD_RUNPATH_SEARCH_PATHS = "$(inherited) @executable_path/Frameworks @loader_path/Frameworks";
				PRODUCT_BUNDLE_IDENTIFIER = com.pdarcey.blockAdsTests;
				PRODUCT_NAME = "$(TARGET_NAME)";
				TEST_HOST = "$(BUILT_PRODUCTS_DIR)/blockAds.app/blockAds";
			};
			name = Release;
		};
		C9F69E891B3D1E350064E2D4 /* Debug */ = {
			isa = XCBuildConfiguration;
			buildSettings = {
				INFOPLIST_FILE = blockAdsUITests/Info.plist;
				LD_RUNPATH_SEARCH_PATHS = "$(inherited) @executable_path/Frameworks @loader_path/Frameworks";
				PRODUCT_BUNDLE_IDENTIFIER = com.pdarcey.blockAdsUITests;
				PRODUCT_NAME = "$(TARGET_NAME)";
				TEST_TARGET_NAME = blockAds;
				USES_XCTRUNNER = YES;
			};
			name = Debug;
		};
		C9F69E8A1B3D1E350064E2D4 /* Release */ = {
			isa = XCBuildConfiguration;
			buildSettings = {
				INFOPLIST_FILE = blockAdsUITests/Info.plist;
				LD_RUNPATH_SEARCH_PATHS = "$(inherited) @executable_path/Frameworks @loader_path/Frameworks";
				PRODUCT_BUNDLE_IDENTIFIER = com.pdarcey.blockAdsUITests;
				PRODUCT_NAME = "$(TARGET_NAME)";
				TEST_TARGET_NAME = blockAds;
				USES_XCTRUNNER = YES;
			};
			name = Release;
		};
/* End XCBuildConfiguration section */

/* Begin XCConfigurationList section */
		C9F69E501B3D1E350064E2D4 /* Build configuration list for PBXProject "blockAds" */ = {
			isa = XCConfigurationList;
			buildConfigurations = (
				C9F69E801B3D1E350064E2D4 /* Debug */,
				C9F69E811B3D1E350064E2D4 /* Release */,
			);
			defaultConfigurationIsVisible = 0;
			defaultConfigurationName = Release;
		};
		C9F69E821B3D1E350064E2D4 /* Build configuration list for PBXNativeTarget "blockAds" */ = {
			isa = XCConfigurationList;
			buildConfigurations = (
				C9F69E831B3D1E350064E2D4 /* Debug */,
				C9F69E841B3D1E350064E2D4 /* Release */,
			);
			defaultConfigurationIsVisible = 0;
		};
		C9F69E851B3D1E350064E2D4 /* Build configuration list for PBXNativeTarget "blockAdsTests" */ = {
			isa = XCConfigurationList;
			buildConfigurations = (
				C9F69E861B3D1E350064E2D4 /* Debug */,
				C9F69E871B3D1E350064E2D4 /* Release */,
			);
			defaultConfigurationIsVisible = 0;
		};
		C9F69E881B3D1E350064E2D4 /* Build configuration list for PBXNativeTarget "blockAdsUITests" */ = {
			isa = XCConfigurationList;
			buildConfigurations = (
				C9F69E891B3D1E350064E2D4 /* Debug */,
				C9F69E8A1B3D1E350064E2D4 /* Release */,
			);
			defaultConfigurationIsVisible = 0;
		};
/* End XCConfigurationList section */
	};
	rootObject = C9F69E4D1B3D1E350064E2D4 /* Project object */;
}
